
Microsoft Visual Studio Solution File, Format Version 12.00
# Visual Studio 15
VisualStudioVersion = 15.0.28307.960
MinimumVisualStudioVersion = 10.0.40219.1
Project("{FAE04EC0-301F-11D3-BF4B-00C04F79EFBC}") = "Kapsülleme3", "Kapsülleme3\Kapsülleme3.csproj", "{D4B0BDE4-7724-4AD0-BBC8-30335238B9D5}"
EndProject
Global
	GlobalSection(SolutionConfigurationPlatforms) = preSolution
		Debug|Any CPU = Debug|Any CPU
		Release|Any CPU = Release|Any CPU
	EndGlobalSection
	GlobalSection(ProjectConfigurationPlatforms) = postSolution
		{D4B0BDE4-7724-4AD0-BBC8-30335238B9D5}.Debug|Any CPU.ActiveCfg = Debug|Any CPU
		{D4B0BDE4-7724-4AD0-BBC8-30335238B9D5}.Debug|Any CPU.Build.0 = Debug|Any CPU
		{D4B0BDE4-7724-4AD0-BBC8-30335238B9D5}.Release|Any CPU.ActiveCfg = Release|Any CPU
		{D4B0BDE4-7724-4AD0-BBC8-30335238B9D5}.Release|Any CPU.Build.0 = Release|Any CPU
	EndGlobalSection
	GlobalSection(SolutionProperties) = preSolution
		HideSolutionNode = FALSE
	EndGlobalSection
	GlobalSection(ExtensibilityGlobals) = postSolution
		SolutionGuid = {166DE427-04A8-4089-B1B4-98F0F3A75D60}
	EndGlobalSection
EndGlobal
